{
  "name": "sso_cu_clients_integrations",
  "version": "1.0.0",
  "lockfileVersion": 2,
  "requires": true,
  "packages": {
    "": {
      "name": "sso_cu_clients_integrations",
      "version": "1.0.0",
      "license": "ISC",
      "dependencies": {
        "dotenv": "^16.0.3",
        "fs": "^0.0.1-security",
        "xml-formatter": "^3.0.2"
      }
    },
    "node_modules/dotenv": {
      "version": "16.0.3",
      "resolved": "https://registry.npmjs.org/dotenv/-/dotenv-16.0.3.tgz",
      "integrity": "sha512-7GO6HghkA5fYG9TYnNxi14/7K9f5occMlp3zXAuSxn7CKCxt9xbNWG7yF8hTCSUchlfWSe3uLmlPfigevRItzQ==",
      "engines": {
        "node": ">=12"
      }
    },
    "node_modules/fs": {
      "version": "0.0.1-security",
      "resolved": "https://registry.npmjs.org/fs/-/fs-0.0.1-security.tgz",
      "integrity": "sha512-3XY9e1pP0CVEUCdj5BmfIZxRBTSDycnbqhIOGec9QYtmVH2fbLpj86CFWkrNOkt/Fvty4KZG5lTglL9j/gJ87w=="
    },
    "node_modules/xml-formatter": {
      "version": "3.0.2",
      "resolved": "https://registry.npmjs.org/xml-formatter/-/xml-formatter-3.0.2.tgz",
      "integrity": "sha512-CVsX+BVhZ1wJy4ezCHX9E8EhdSWX/4cE04X7QaNHSKbhyqXZLP5+2jKPp6RofsdYO8+wiERlzXC6hScxS3a1gQ==",
      "dependencies": {
        "xml-parser-xo": "^4.0.0"
      },
      "engines": {
        "node": ">= 14"
      }
    },
    "node_modules/xml-parser-xo": {
      "version": "4.0.0",
      "resolved": "https://registry.npmjs.org/xml-parser-xo/-/xml-parser-xo-4.0.0.tgz",
      "integrity": "sha512-tNnOebzhFa1EoeTadlJaZ/BNnjYH/YvkizHQ2Ss5lS49xuulEKhDHm65RQ4BCsP59u89vw9ogiNXDtgi7xfZHQ==",
      "engines": {
        "node": ">= 14"
      }
    }
  },
  "dependencies": {
    "dotenv": {
      "version": "16.0.3",
      "resolved": "https://registry.npmjs.org/dotenv/-/dotenv-16.0.3.tgz",
      "integrity": "sha512-7GO6HghkA5fYG9TYnNxi14/7K9f5occMlp3zXAuSxn7CKCxt9xbNWG7yF8hTCSUchlfWSe3uLmlPfigevRItzQ=="
    },
    "fs": {
      "version": "0.0.1-security",
      "resolved": "https://registry.npmjs.org/fs/-/fs-0.0.1-security.tgz",
      "integrity": "sha512-3XY9e1pP0CVEUCdj5BmfIZxRBTSDycnbqhIOGec9QYtmVH2fbLpj86CFWkrNOkt/Fvty4KZG5lTglL9j/gJ87w=="
    },
    "xml-formatter": {
      "version": "3.0.2",
      "resolved": "https://registry.npmjs.org/xml-formatter/-/xml-formatter-3.0.2.tgz",
      "integrity": "sha512-CVsX+BVhZ1wJy4ezCHX9E8EhdSWX/4cE04X7QaNHSKbhyqXZLP5+2jKPp6RofsdYO8+wiERlzXC6hScxS3a1gQ==",
      "requires": {
        "xml-parser-xo": "^4.0.0"
      }
    },
    "xml-parser-xo": {
      "version": "4.0.0",
      "resolved": "https://registry.npmjs.org/xml-parser-xo/-/xml-parser-xo-4.0.0.tgz",
      "integrity": "sha512-tNnOebzhFa1EoeTadlJaZ/BNnjYH/YvkizHQ2Ss5lS49xuulEKhDHm65RQ4BCsP59u89vw9ogiNXDtgi7xfZHQ=="
    }
  }
}
